%{
  "makeup": {:hex, :makeup, "1.2.1", "e90ac1c65589ef354378def3ba19d401e739ee7ee06fb47f94c687016e3713d1", [:mix], [{:nimble_parsec, "~> 1.4", [hex: :nimble_parsec, repo: "hexpm", optional: false]}], "hexpm", "d36484867b0bae0fea568d10131197a4c2e47056a6fbe84922bf6ba71c8d17ce"},
  "makeup_c": {:hex, :makeup_c, "0.1.1", "14250b1a69770b1892f4113129417a2df098e2a72b9e1477aa9096e9e6c473a6", [:mix], [{:makeup, "~> 1.0", [hex: :makeup, repo: "hexpm", optional: false]}], "hexpm", "89e9cf45372822d354c19a7e18d77f84cfd70e2d206ac987eb15a1b8357f2869"},
  "makeup_diff": {:hex, :makeup_diff, "0.1.0", "5be352b6aa6f07fa6a236e3efd7ba689a03f28fb5d35b7a0fa0a1e4a64f6d8bb", [:mix], [{:makeup, "~> 1.0", [hex: :makeup, repo: "hexpm", optional: false]}], "hexpm", "186bad5bb433a8afeb16b01423950e440072284a4103034ca899180343b9b4ac"},
  "makeup_eex": {:hex, :makeup_eex, "2.0.1", "c48e5108825026f6029137922e5814b8c0a0e68f43ed811de8c72a47f7e098ae", [:mix], [{:makeup, "~> 1.2.1 or ~> 1.3", [hex: :makeup, repo: "hexpm", optional: false]}, {:makeup_elixir, "~> 1.0", [hex: :makeup_elixir, repo: "hexpm", optional: false]}, {:makeup_html, "~> 0.1.0 or ~> 1.0", [hex: :makeup_html, repo: "hexpm", optional: true]}, {:nimble_parsec, "~> 1.2", [hex: :nimble_parsec, repo: "hexpm", optional: false]}], "hexpm", "c245bf0e7f751c96f50ed200b58fc64eb36e5a5cdb66373eaf58bfd9ab6fd1a8"},
  "makeup_elixir": {:hex, :makeup_elixir, "1.0.1", "e928a4f984e795e41e3abd27bfc09f51db16ab8ba1aebdba2b3a575437efafc2", [:mix], [{:makeup, "~> 1.0", [hex: :makeup, repo: "hexpm", optional: false]}, {:nimble_parsec, "~> 1.2.3 or ~> 1.3", [hex: :nimble_parsec, repo: "hexpm", optional: false]}], "hexpm", "7284900d412a3e5cfd97fdaed4f5ed389b8f2b4cb49efc0eb3bd10e2febf9507"},
  "makeup_erlang": {:hex, :makeup_erlang, "1.0.2", "03e1804074b3aa64d5fad7aa64601ed0fb395337b982d9bcf04029d68d51b6a7", [:mix], [{:makeup, "~> 1.0", [hex: :makeup, repo: "hexpm", optional: false]}], "hexpm", "af33ff7ef368d5893e4a267933e7744e46ce3cf1f61e2dccf53a111ed3aa3727"},
  "makeup_html": {:hex, :makeup_html, "0.1.2", "19d4050c0978a4f1618ffe43054c0049f91fe5feeb9ae8d845b5dc79c6008ae5", [:mix], [{:makeup, "~> 1.2", [hex: :makeup, repo: "hexpm", optional: false]}], "hexpm", "b7fb9afedd617d167e6644a0430e49c1279764bfd3153da716d4d2459b0998c5"},
  "makeup_json": {:hex, :makeup_json, "0.1.0", "ea8b7b45a95d7e74e4907a9d12669b05b6858ed90d0a5fc3412b26623f9aa7af", [:mix], [{:makeup, "~> 1.0", [hex: :makeup, repo: "hexpm", optional: false]}, {:nimble_parsec, "~> 1.1", [hex: :nimble_parsec, repo: "hexpm", optional: false]}], "hexpm", "7b79e8bf88ca9e2f7757c167feac2385479e1b773f37390b8e1b8ff014d4e7ca"},
  "nimble_parsec": {:hex, :nimble_parsec, "1.4.2", "8efba0122db06df95bfaa78f791344a89352ba04baedd3849593bfce4d0dc1c6", [:mix], [], "hexpm", "4b21398942dda052b403bbe1da991ccd03a053668d147d53fb8c4e0efe09c973"},
}
