%{
  "makeup": {:hex, :makeup, "1.2.1", "e90ac1c65589ef354378def3ba19d401e739ee7ee06fb47f94c687016e3713d1", [:mix], [{:nimble_parsec, "~> 1.4", [hex: :nimble_parsec, repo: "hexpm", optional: false]}], "hexpm", "d36484867b0bae0fea568d10131197a4c2e47056a6fbe84922bf6ba71c8d17ce"},
  "makeup_c": {:hex, :makeup_c, "0.1.1", "14250b1a69770b1892f4113129417a2df098e2a72b9e1477aa9096e9e6c473a6", [:mix], [{:makeup, "~> 1.0", [hex: :makeup, repo: "hexpm", optional: false]}], "hexpm", "89e9cf45372822d354c19a7e18d77f84cfd70e2d206ac987eb15a1b8357f2869"},
  "makeup_diff": {:hex, :makeup_diff, "0.1.1", "01498f8c95970081297837eaf4686b6f3813e535795b8421f15ace17a59aea37", [:mix], [{:makeup, "~> 1.0", [hex: :makeup, repo: "hexpm", optional: false]}], "hexpm", "fadb0bf014bd328badb7be986eadbce1a29955dd51c27a9e401c3045cf24184e"},
  "makeup_eex": {:hex, :makeup_eex, "0.1.2", "93a5ef3d28ed753215dba2d59cb40408b37cccb4a8205e53ef9b5319a992b700", [:mix], [{:makeup, "~> 1.0", [hex: :makeup, repo: "hexpm", optional: false]}, {:makeup_elixir, "~> 0.16 or ~> 1.0", [hex: :makeup_elixir, repo: "hexpm", optional: false]}, {:makeup_html, "~> 0.1.0 or ~> 1.0", [hex: :makeup_html, repo: "hexpm", optional: false]}, {:nimble_parsec, "~> 1.2", [hex: :nimble_parsec, repo: "hexpm", optional: false]}], "hexpm", "6140eafb28215ad7182282fd21d9aa6dcffbfbe0eb876283bc6b768a6c57b0c3"},
  "makeup_elixir": {:hex, :makeup_elixir, "0.16.2", "627e84b8e8bf22e60a2579dad15067c755531fea049ae26ef1020cad58fe9578", [:mix], [{:makeup, "~> 1.0", [hex: :makeup, repo: "hexpm", optional: false]}, {:nimble_parsec, "~> 1.2.3 or ~> 1.3", [hex: :nimble_parsec, repo: "hexpm", optional: false]}], "hexpm", "41193978704763f6bbe6cc2758b84909e62984c7752b3784bd3c218bb341706b"},
  "makeup_erlang": {:hex, :makeup_erlang, "0.1.5", "e0ff5a7c708dda34311f7522a8758e23bfcd7d8d8068dc312b5eb41c6fd76eba", [:mix], [{:makeup, "~> 1.0", [hex: :makeup, repo: "hexpm", optional: false]}], "hexpm", "94d2e986428585a21516d7d7149781480013c56e30c6a233534bedf38867a59a"},
  "makeup_html": {:hex, :makeup_html, "0.1.2", "19d4050c0978a4f1618ffe43054c0049f91fe5feeb9ae8d845b5dc79c6008ae5", [:mix], [{:makeup, "~> 1.2", [hex: :makeup, repo: "hexpm", optional: false]}], "hexpm", "b7fb9afedd617d167e6644a0430e49c1279764bfd3153da716d4d2459b0998c5"},
  "makeup_json": {:hex, :makeup_json, "0.1.1", "44204f3f023ff3daca682cc0b1dc372098514460064599979cb4cde5926cff70", [:mix], [{:makeup, "~> 1.0", [hex: :makeup, repo: "hexpm", optional: false]}, {:nimble_parsec, "~> 1.1", [hex: :nimble_parsec, repo: "hexpm", optional: false]}], "hexpm", "3879d78117e37a9b1e567b9cc76c1b5b51b9efc5f4f4301ea5e53fb70c59c718"},
  "makeup_rust": {:hex, :makeup_rust, "0.3.0", "6fc4a6a1508a7fbea35d08f15c19bb3ae3a3d62ffd2aaca7ee4825a8b1204cef", [:mix], [{:makeup, "~> 1.1", [hex: :makeup, repo: "hexpm", optional: false]}, {:nimble_parsec, "~> 1.4.0", [hex: :nimble_parsec, repo: "hexpm", optional: false]}], "hexpm", "1e79ee1995a3b9df9b7d90af7dc02525989efc41390a52065c23782c94ea94e1"},
  "nimble_parsec": {:hex, :nimble_parsec, "1.4.0", "51f9b613ea62cfa97b25ccc2c1b4216e81df970acd8e16e8d1bdc58fef21370d", [:mix], [], "hexpm", "9c565862810fb383e9838c1dd2d7d2c437b3d13b267414ba6af33e50d2d1cf28"},
}
